// !$*UTF8*$!
{
	archiveVersion = 1;
	classes = {
	};
	objectVersion = 50;
	objects = {

/* Begin PBXBuildFile section */
		A108294F25D65897003495B7 /* Location+CoreDataClass.swift in Sources */ = {isa = PBXBuildFile; fileRef = A108294D25D65897003495B7 /* Location+CoreDataClass.swift */; };
		A108295025D65897003495B7 /* Location+CoreDataProperties.swift in Sources */ = {isa = PBXBuildFile; fileRef = A108294E25D65897003495B7 /* Location+CoreDataProperties.swift */; };
		A109BBF625D160B300AF6656 /* LocationDetailsViewController.swift in Sources */ = {isa = PBXBuildFile; fileRef = A109BBF525D160B300AF6656 /* LocationDetailsViewController.swift */; };
		A128FF1625D173C2005ADD6C /* CategoryPickerViewController.swift in Sources */ = {isa = PBXBuildFile; fileRef = A128FF1525D173C2005ADD6C /* CategoryPickerViewController.swift */; };
		A181A9BF25D8351500EBE6CB /* LocationsViewController.swift in Sources */ = {isa = PBXBuildFile; fileRef = A181A9BE25D8351500EBE6CB /* LocationsViewController.swift */; };
		A181A9C225D83BED00EBE6CB /* LocationCell.swift in Sources */ = {isa = PBXBuildFile; fileRef = A181A9C125D83BED00EBE6CB /* LocationCell.swift */; };
		A1ED235625CD334A00F05E49 /* AppDelegate.swift in Sources */ = {isa = PBXBuildFile; fileRef = A1ED235525CD334A00F05E49 /* AppDelegate.swift */; };
		A1ED235825CD334A00F05E49 /* SceneDelegate.swift in Sources */ = {isa = PBXBuildFile; fileRef = A1ED235725CD334A00F05E49 /* SceneDelegate.swift */; };
		A1ED235A25CD334A00F05E49 /* CurrentLocationViewController.swift in Sources */ = {isa = PBXBuildFile; fileRef = A1ED235925CD334A00F05E49 /* CurrentLocationViewController.swift */; };
		A1ED235D25CD334A00F05E49 /* Main.storyboard in Resources */ = {isa = PBXBuildFile; fileRef = A1ED235B25CD334A00F05E49 /* Main.storyboard */; };
		A1ED236025CD334A00F05E49 /* MyLocations.xcdatamodeld in Sources */ = {isa = PBXBuildFile; fileRef = A1ED235E25CD334A00F05E49 /* MyLocations.xcdatamodeld */; };
		A1ED236225CD334B00F05E49 /* Assets.xcassets in Resources */ = {isa = PBXBuildFile; fileRef = A1ED236125CD334B00F05E49 /* Assets.xcassets */; };
		A1ED236525CD334B00F05E49 /* LaunchScreen.storyboard in Resources */ = {isa = PBXBuildFile; fileRef = A1ED236325CD334B00F05E49 /* LaunchScreen.storyboard */; };
		A1F60F1925D5503300F9175A /* Functions.swift in Sources */ = {isa = PBXBuildFile; fileRef = A1F60F1825D5503300F9175A /* Functions.swift */; };
		A1F95CCA25DA980200EDCE2E /* MapViewController.swift in Sources */ = {isa = PBXBuildFile; fileRef = A1F95CC925DA980200EDCE2E /* MapViewController.swift */; };
		A1FBBDD925D501D300651AE2 /* HudView.swift in Sources */ = {isa = PBXBuildFile; fileRef = A1FBBDD825D501D300651AE2 /* HudView.swift */; };
/* End PBXBuildFile section */

/* Begin PBXFileReference section */
		A108294D25D65897003495B7 /* Location+CoreDataClass.swift */ = {isa = PBXFileReference; lastKnownFileType = sourcecode.swift; path = "Location+CoreDataClass.swift"; sourceTree = "<group>"; };
		A108294E25D65897003495B7 /* Location+CoreDataProperties.swift */ = {isa = PBXFileReference; lastKnownFileType = sourcecode.swift; path = "Location+CoreDataProperties.swift"; sourceTree = "<group>"; };
		A109BBF525D160B300AF6656 /* LocationDetailsViewController.swift */ = {isa = PBXFileReference; lastKnownFileType = sourcecode.swift; path = LocationDetailsViewController.swift; sourceTree = "<group>"; };
		A128FF1525D173C2005ADD6C /* CategoryPickerViewController.swift */ = {isa = PBXFileReference; lastKnownFileType = sourcecode.swift; path = CategoryPickerViewController.swift; sourceTree = "<group>"; };
		A181A9BE25D8351500EBE6CB /* LocationsViewController.swift */ = {isa = PBXFileReference; lastKnownFileType = sourcecode.swift; path = LocationsViewController.swift; sourceTree = "<group>"; };
		A181A9C125D83BED00EBE6CB /* LocationCell.swift */ = {isa = PBXFileReference; lastKnownFileType = sourcecode.swift; path = LocationCell.swift; sourceTree = "<group>"; };
		A1ED235225CD334A00F05E49 /* MyLocations.app */ = {isa = PBXFileReference; explicitFileType = wrapper.application; includeInIndex = 0; path = MyLocations.app; sourceTree = BUILT_PRODUCTS_DIR; };
		A1ED235525CD334A00F05E49 /* AppDelegate.swift */ = {isa = PBXFileReference; lastKnownFileType = sourcecode.swift; path = AppDelegate.swift; sourceTree = "<group>"; };
		A1ED235725CD334A00F05E49 /* SceneDelegate.swift */ = {isa = PBXFileReference; lastKnownFileType = sourcecode.swift; path = SceneDelegate.swift; sourceTree = "<group>"; };
		A1ED235925CD334A00F05E49 /* CurrentLocationViewController.swift */ = {isa = PBXFileReference; lastKnownFileType = sourcecode.swift; path = CurrentLocationViewController.swift; sourceTree = "<group>"; };
		A1ED235C25CD334A00F05E49 /* Base */ = {isa = PBXFileReference; lastKnownFileType = file.storyboard; name = Base; path = Base.lproj/Main.storyboard; sourceTree = "<group>"; };
		A1ED235F25CD334A00F05E49 /* MyLocations.xcdatamodel */ = {isa = PBXFileReference; lastKnownFileType = wrapper.xcdatamodel; path = MyLocations.xcdatamodel; sourceTree = "<group>"; };
		A1ED236125CD334B00F05E49 /* Assets.xcassets */ = {isa = PBXFileReference; lastKnownFileType = folder.assetcatalog; path = Assets.xcassets; sourceTree = "<group>"; };
		A1ED236425CD334B00F05E49 /* Base */ = {isa = PBXFileReference; lastKnownFileType = file.storyboard; name = Base; path = Base.lproj/LaunchScreen.storyboard; sourceTree = "<group>"; };
		A1ED236625CD334B00F05E49 /* Info.plist */ = {isa = PBXFileReference; lastKnownFileType = text.plist.xml; path = Info.plist; sourceTree = "<group>"; };
		A1F60F1825D5503300F9175A /* Functions.swift */ = {isa = PBXFileReference; lastKnownFileType = sourcecode.swift; path = Functions.swift; sourceTree = "<group>"; };
		A1F95CC925DA980200EDCE2E /* MapViewController.swift */ = {isa = PBXFileReference; lastKnownFileType = sourcecode.swift; path = MapViewController.swift; sourceTree = "<group>"; };
		A1FBBDD825D501D300651AE2 /* HudView.swift */ = {isa = PBXFileReference; lastKnownFileType = sourcecode.swift; path = HudView.swift; sourceTree = "<group>"; };
/* End PBXFileReference section */

/* Begin PBXFrameworksBuildPhase section */
		A1ED234F25CD334A00F05E49 /* Frameworks */ = {
			isa = PBXFrameworksBuildPhase;
			buildActionMask = 2147483647;
			files = (
			);
			runOnlyForDeploymentPostprocessing = 0;
		};
/* End PBXFrameworksBuildPhase section */

/* Begin PBXGroup section */
		A109BBF225D1608100AF6656 /* Controllers */ = {
			isa = PBXGroup;
			children = (
				A1ED235925CD334A00F05E49 /* CurrentLocationViewController.swift */,
				A109BBF525D160B300AF6656 /* LocationDetailsViewController.swift */,
				A128FF1525D173C2005ADD6C /* CategoryPickerViewController.swift */,
				A181A9BE25D8351500EBE6CB /* LocationsViewController.swift */,
				A181A9C125D83BED00EBE6CB /* LocationCell.swift */,
				A1F95CC925DA980200EDCE2E /* MapViewController.swift */,
			);
			path = Controllers;
			sourceTree = "<group>";
		};
		A109BBF425D1609500AF6656 /* Model */ = {
			isa = PBXGroup;
			children = (
				A1ED235E25CD334A00F05E49 /* MyLocations.xcdatamodeld */,
				A108294D25D65897003495B7 /* Location+CoreDataClass.swift */,
				A108294E25D65897003495B7 /* Location+CoreDataProperties.swift */,
			);
			path = Model;
			sourceTree = "<group>";
		};
		A1ED234925CD334A00F05E49 = {
			isa = PBXGroup;
			children = (
				A1ED235425CD334A00F05E49 /* MyLocations */,
				A1ED235325CD334A00F05E49 /* Products */,
			);
			sourceTree = "<group>";
		};
		A1ED235325CD334A00F05E49 /* Products */ = {
			isa = PBXGroup;
			children = (
				A1ED235225CD334A00F05E49 /* MyLocations.app */,
			);
			name = Products;
			sourceTree = "<group>";
		};
		A1ED235425CD334A00F05E49 /* MyLocations */ = {
			isa = PBXGroup;
			children = (
				A1ED235525CD334A00F05E49 /* AppDelegate.swift */,
				A1ED235725CD334A00F05E49 /* SceneDelegate.swift */,
				A109BBF225D1608100AF6656 /* Controllers */,
				A109BBF425D1609500AF6656 /* Model */,
				A1F60F1825D5503300F9175A /* Functions.swift */,
				A1FBBDD825D501D300651AE2 /* HudView.swift */,
				A1ED235B25CD334A00F05E49 /* Main.storyboard */,
				A1ED236325CD334B00F05E49 /* LaunchScreen.storyboard */,
				A1ED236625CD334B00F05E49 /* Info.plist */,
				A1ED236125CD334B00F05E49 /* Assets.xcassets */,
			);
			path = MyLocations;
			sourceTree = "<group>";
		};
/* End PBXGroup section */

/* Begin PBXNativeTarget section */
		A1ED235125CD334A00F05E49 /* MyLocations */ = {
			isa = PBXNativeTarget;
			buildConfigurationList = A1ED236925CD334B00F05E49 /* Build configuration list for PBXNativeTarget "MyLocations" */;
			buildPhases = (
				A1ED234E25CD334A00F05E49 /* Sources */,
				A1ED234F25CD334A00F05E49 /* Frameworks */,
				A1ED235025CD334A00F05E49 /* Resources */,
			);
			buildRules = (
			);
			dependencies = (
			);
			name = MyLocations;
			productName = MyLocations;
			productReference = A1ED235225CD334A00F05E49 /* MyLocations.app */;
			productType = "com.apple.product-type.application";
		};
/* End PBXNativeTarget section */

/* Begin PBXProject section */
		A1ED234A25CD334A00F05E49 /* Project object */ = {
			isa = PBXProject;
			attributes = {
				LastSwiftUpdateCheck = 1240;
				LastUpgradeCheck = 1240;
				TargetAttributes = {
					A1ED235125CD334A00F05E49 = {
						CreatedOnToolsVersion = 12.4;
					};
				};
			};
			buildConfigurationList = A1ED234D25CD334A00F05E49 /* Build configuration list for PBXProject "MyLocations" */;
			compatibilityVersion = "Xcode 9.3";
			developmentRegion = en;
			hasScannedForEncodings = 0;
			knownRegions = (
				en,
				Base,
			);
			mainGroup = A1ED234925CD334A00F05E49;
			productRefGroup = A1ED235325CD334A00F05E49 /* Products */;
			projectDirPath = "";
			projectRoot = "";
			targets = (
				A1ED235125CD334A00F05E49 /* MyLocations */,
			);
		};
/* End PBXProject section */

/* Begin PBXResourcesBuildPhase section */
		A1ED235025CD334A00F05E49 /* Resources */ = {
			isa = PBXResourcesBuildPhase;
			buildActionMask = 2147483647;
			files = (
				A1ED236525CD334B00F05E49 /* LaunchScreen.storyboard in Resources */,
				A1ED236225CD334B00F05E49 /* Assets.xcassets in Resources */,
				A1ED235D25CD334A00F05E49 /* Main.storyboard in Resources */,
			);
			runOnlyForDeploymentPostprocessing = 0;
		};
/* End PBXResourcesBuildPhase section */

/* Begin PBXSourcesBuildPhase section */
		A1ED234E25CD334A00F05E49 /* Sources */ = {
			isa = PBXSourcesBuildPhase;
			buildActionMask = 2147483647;
			files = (
				A128FF1625D173C2005ADD6C /* CategoryPickerViewController.swift in Sources */,
				A1ED235A25CD334A00F05E49 /* CurrentLocationViewController.swift in Sources */,
				A1ED235625CD334A00F05E49 /* AppDelegate.swift in Sources */,
				A1F60F1925D5503300F9175A /* Functions.swift in Sources */,
				A181A9BF25D8351500EBE6CB /* LocationsViewController.swift in Sources */,
				A108295025D65897003495B7 /* Location+CoreDataProperties.swift in Sources */,
				A1F95CCA25DA980200EDCE2E /* MapViewController.swift in Sources */,
				A181A9C225D83BED00EBE6CB /* LocationCell.swift in Sources */,
				A1ED236025CD334A00F05E49 /* MyLocations.xcdatamodeld in Sources */,
				A109BBF625D160B300AF6656 /* LocationDetailsViewController.swift in Sources */,
				A108294F25D65897003495B7 /* Location+CoreDataClass.swift in Sources */,
				A1FBBDD925D501D300651AE2 /* HudView.swift in Sources */,
				A1ED235825CD334A00F05E49 /* SceneDelegate.swift in Sources */,
			);
			runOnlyForDeploymentPostprocessing = 0;
		};
/* End PBXSourcesBuildPhase section */

/* Begin PBXVariantGroup section */
		A1ED235B25CD334A00F05E49 /* Main.storyboard */ = {
			isa = PBXVariantGroup;
			children = (
				A1ED235C25CD334A00F05E49 /* Base */,
			);
			name = Main.storyboard;
			sourceTree = "<group>";
		};
		A1ED236325CD334B00F05E49 /* LaunchScreen.storyboard */ = {
			isa = PBXVariantGroup;
			children = (
				A1ED236425CD334B00F05E49 /* Base */,
			);
			name = LaunchScreen.storyboard;
			sourceTree = "<group>";
		};
/* End PBXVariantGroup section */

/* Begin XCBuildConfiguration section */
		A1ED236725CD334B00F05E49 /* Debug */ = {
			isa = XCBuildConfiguration;
			buildSettings = {
				ALWAYS_SEARCH_USER_PATHS = NO;
				CLANG_ANALYZER_NONNULL = YES;
				CLANG_ANALYZER_NUMBER_OBJECT_CONVERSION = YES_AGGRESSIVE;
				CLANG_CXX_LANGUAGE_STANDARD = "gnu++14";
				CLANG_CXX_LIBRARY = "libc++";
				CLANG_ENABLE_MODULES = YES;
				CLANG_ENABLE_OBJC_ARC = YES;
				CLANG_ENABLE_OBJC_WEAK = YES;
				CLANG_WARN_BLOCK_CAPTURE_AUTORELEASING = YES;
				CLANG_WARN_BOOL_CONVERSION = YES;
				CLANG_WARN_COMMA = YES;
				CLANG_WARN_CONSTANT_CONVERSION = YES;
				CLANG_WARN_DEPRECATED_OBJC_IMPLEMENTATIONS = YES;
				CLANG_WARN_DIRECT_OBJC_ISA_USAGE = YES_ERROR;
				CLANG_WARN_DOCUMENTATION_COMMENTS = YES;
				CLANG_WARN_EMPTY_BODY = YES;
				CLANG_WARN_ENUM_CONVERSION = YES;
				CLANG_WARN_INFINITE_RECURSION = YES;
				CLANG_WARN_INT_CONVERSION = YES;
				CLANG_WARN_NON_LITERAL_NULL_CONVERSION = YES;
				CLANG_WARN_OBJC_IMPLICIT_RETAIN_SELF = YES;
				CLANG_WARN_OBJC_LITERAL_CONVERSION = YES;
				CLANG_WARN_OBJC_ROOT_CLASS = YES_ERROR;
				CLANG_WARN_QUOTED_INCLUDE_IN_FRAMEWORK_HEADER = YES;
				CLANG_WARN_RANGE_LOOP_ANALYSIS = YES;
				CLANG_WARN_STRICT_PROTOTYPES = YES;
				CLANG_WARN_SUSPICIOUS_MOVE = YES;
				CLANG_WARN_UNGUARDED_AVAILABILITY = YES_AGGRESSIVE;
				CLANG_WARN_UNREACHABLE_CODE = YES;
				CLANG_WARN__DUPLICATE_METHOD_MATCH = YES;
				COPY_PHASE_STRIP = NO;
				DEBUG_INFORMATION_FORMAT = dwarf;
				ENABLE_STRICT_OBJC_MSGSEND = YES;
				ENABLE_TESTABILITY = YES;
				GCC_C_LANGUAGE_STANDARD = gnu11;
				GCC_DYNAMIC_NO_PIC = NO;
				GCC_NO_COMMON_BLOCKS = YES;
				GCC_OPTIMIZATION_LEVEL = 0;
				GCC_PREPROCESSOR_DEFINITIONS = (
					"DEBUG=1",
					"$(inherited)",
				);
				GCC_WARN_64_TO_32_BIT_CONVERSION = YES;
				GCC_WARN_ABOUT_RETURN_TYPE = YES_ERROR;
				GCC_WARN_UNDECLARED_SELECTOR = YES;
				GCC_WARN_UNINITIALIZED_AUTOS = YES_AGGRESSIVE;
				GCC_WARN_UNUSED_FUNCTION = YES;
				GCC_WARN_UNUSED_VARIABLE = YES;
				IPHONEOS_DEPLOYMENT_TARGET = 14.4;
				MTL_ENABLE_DEBUG_INFO = INCLUDE_SOURCE;
				MTL_FAST_MATH = YES;
				ONLY_ACTIVE_ARCH = YES;
				SDKROOT = iphoneos;
				SWIFT_ACTIVE_COMPILATION_CONDITIONS = DEBUG;
				SWIFT_OPTIMIZATION_LEVEL = "-Onone";
			};
			name = Debug;
		};
		A1ED236825CD334B00F05E49 /* Release */ = {
			isa = XCBuildConfiguration;
			buildSettings = {
				ALWAYS_SEARCH_USER_PATHS = NO;
				CLANG_ANALYZER_NONNULL = YES;
				CLANG_ANALYZER_NUMBER_OBJECT_CONVERSION = YES_AGGRESSIVE;
				CLANG_CXX_LANGUAGE_STANDARD = "gnu++14";
				CLANG_CXX_LIBRARY = "libc++";
				CLANG_ENABLE_MODULES = YES;
				CLANG_ENABLE_OBJC_ARC = YES;
				CLANG_ENABLE_OBJC_WEAK = YES;
				CLANG_WARN_BLOCK_CAPTURE_AUTORELEASING = YES;
				CLANG_WARN_BOOL_CONVERSION = YES;
				CLANG_WARN_COMMA = YES;
				CLANG_WARN_CONSTANT_CONVERSION = YES;
				CLANG_WARN_DEPRECATED_OBJC_IMPLEMENTATIONS = YES;
				CLANG_WARN_DIRECT_OBJC_ISA_USAGE = YES_ERROR;
				CLANG_WARN_DOCUMENTATION_COMMENTS = YES;
				CLANG_WARN_EMPTY_BODY = YES;
				CLANG_WARN_ENUM_CONVERSION = YES;
				CLANG_WARN_INFINITE_RECURSION = YES;
				CLANG_WARN_INT_CONVERSION = YES;
				CLANG_WARN_NON_LITERAL_NULL_CONVERSION = YES;
				CLANG_WARN_OBJC_IMPLICIT_RETAIN_SELF = YES;
				CLANG_WARN_OBJC_LITERAL_CONVERSION = YES;
				CLANG_WARN_OBJC_ROOT_CLASS = YES_ERROR;
				CLANG_WARN_QUOTED_INCLUDE_IN_FRAMEWORK_HEADER = YES;
				CLANG_WARN_RANGE_LOOP_ANALYSIS = YES;
				CLANG_WARN_STRICT_PROTOTYPES = YES;
				CLANG_WARN_SUSPICIOUS_MOVE = YES;
				CLANG_WARN_UNGUARDED_AVAILABILITY = YES_AGGRESSIVE;
				CLANG_WARN_UNREACHABLE_CODE = YES;
				CLANG_WARN__DUPLICATE_METHOD_MATCH = YES;
				COPY_PHASE_STRIP = NO;
				DEBUG_INFORMATION_FORMAT = "dwarf-with-dsym";
				ENABLE_NS_ASSERTIONS = NO;
				ENABLE_STRICT_OBJC_MSGSEND = YES;
				GCC_C_LANGUAGE_STANDARD = gnu11;
				GCC_NO_COMMON_BLOCKS = YES;
				GCC_WARN_64_TO_32_BIT_CONVERSION = YES;
				GCC_WARN_ABOUT_RETURN_TYPE = YES_ERROR;
				GCC_WARN_UNDECLARED_SELECTOR = YES;
				GCC_WARN_UNINITIALIZED_AUTOS = YES_AGGRESSIVE;
				GCC_WARN_UNUSED_FUNCTION = YES;
				GCC_WARN_UNUSED_VARIABLE = YES;
				IPHONEOS_DEPLOYMENT_TARGET = 14.4;
				MTL_ENABLE_DEBUG_INFO = NO;
				MTL_FAST_MATH = YES;
				SDKROOT = iphoneos;
				SWIFT_COMPILATION_MODE = wholemodule;
				SWIFT_OPTIMIZATION_LEVEL = "-O";
				VALIDATE_PRODUCT = YES;
			};
			name = Release;
		};
		A1ED236A25CD334B00F05E49 /* Debug */ = {
			isa = XCBuildConfiguration;
			buildSettings = {
				ASSETCATALOG_COMPILER_APPICON_NAME = AppIcon;
				ASSETCATALOG_COMPILER_GLOBAL_ACCENT_COLOR_NAME = AccentColor;
				CODE_SIGN_STYLE = Automatic;
				DEVELOPMENT_TEAM = 23PHMUFYTH;
				INFOPLIST_FILE = MyLocations/Info.plist;
				LD_RUNPATH_SEARCH_PATHS = (
					"$(inherited)",
					"@executable_path/Frameworks",
				);
				PRODUCT_BUNDLE_IDENTIFIER = com.boris.MyLocations;
				PRODUCT_NAME = "$(TARGET_NAME)";
				SWIFT_VERSION = 5.0;
				TARGETED_DEVICE_FAMILY = "1,2";
			};
			name = Debug;
		};
		A1ED236B25CD334B00F05E49 /* Release */ = {
			isa = XCBuildConfiguration;
			buildSettings = {
				ASSETCATALOG_COMPILER_APPICON_NAME = AppIcon;
				ASSETCATALOG_COMPILER_GLOBAL_ACCENT_COLOR_NAME = AccentColor;
				CODE_SIGN_STYLE = Automatic;
				DEVELOPMENT_TEAM = 23PHMUFYTH;
				INFOPLIST_FILE = MyLocations/Info.plist;
				LD_RUNPATH_SEARCH_PATHS = (
					"$(inherited)",
					"@executable_path/Frameworks",
				);
				PRODUCT_BUNDLE_IDENTIFIER = com.boris.MyLocations;
				PRODUCT_NAME = "$(TARGET_NAME)";
				SWIFT_VERSION = 5.0;
				TARGETED_DEVICE_FAMILY = "1,2";
			};
			name = Release;
		};
/* End XCBuildConfiguration section */

/* Begin XCConfigurationList section */
		A1ED234D25CD334A00F05E49 /* Build configuration list for PBXProject "MyLocations" */ = {
			isa = XCConfigurationList;
			buildConfigurations = (
				A1ED236725CD334B00F05E49 /* Debug */,
				A1ED236825CD334B00F05E49 /* Release */,
			);
			defaultConfigurationIsVisible = 0;
			defaultConfigurationName = Release;
		};
		A1ED236925CD334B00F05E49 /* Build configuration list for PBXNativeTarget "MyLocations" */ = {
			isa = XCConfigurationList;
			buildConfigurations = (
				A1ED236A25CD334B00F05E49 /* Debug */,
				A1ED236B25CD334B00F05E49 /* Release */,
			);
			defaultConfigurationIsVisible = 0;
			defaultConfigurationName = Release;
		};
/* End XCConfigurationList section */

/* Begin XCVersionGroup section */
		A1ED235E25CD334A00F05E49 /* MyLocations.xcdatamodeld */ = {
			isa = XCVersionGroup;
			children = (
				A1ED235F25CD334A00F05E49 /* MyLocations.xcdatamodel */,
			);
			currentVersion = A1ED235F25CD334A00F05E49 /* MyLocations.xcdatamodel */;
			path = MyLocations.xcdatamodeld;
			sourceTree = "<group>";
			versionGroupType = wrapper.xcdatamodel;
		};
/* End XCVersionGroup section */
	};
	rootObject = A1ED234A25CD334A00F05E49 /* Project object */;
}
