// !$*UTF8*$!
{
	archiveVersion = 1;
	classes = {
	};
	objectVersion = 50;
	objects = {

/* Begin PBXBuildFile section */
		A137295125ECE7C40086D698 /* AppDelegate.swift in Sources */ = {isa = PBXBuildFile; fileRef = A137295025ECE7C40086D698 /* AppDelegate.swift */; };
		A137295325ECE7C40086D698 /* SceneDelegate.swift in Sources */ = {isa = PBXBuildFile; fileRef = A137295225ECE7C40086D698 /* SceneDelegate.swift */; };
		A137295525ECE7C40086D698 /* SearchViewController.swift in Sources */ = {isa = PBXBuildFile; fileRef = A137295425ECE7C40086D698 /* SearchViewController.swift */; };
		A137295825ECE7C40086D698 /* Main.storyboard in Resources */ = {isa = PBXBuildFile; fileRef = A137295625ECE7C40086D698 /* Main.storyboard */; };
		A137295A25ECE7C50086D698 /* Assets.xcassets in Resources */ = {isa = PBXBuildFile; fileRef = A137295925ECE7C50086D698 /* Assets.xcassets */; };
		A137296825ED06160086D698 /* SearchResult.swift in Sources */ = {isa = PBXBuildFile; fileRef = A137296725ED06160086D698 /* SearchResult.swift */; };
		A1A4145625EE8C2C00B8EBD5 /* SearchResultCell.xib in Resources */ = {isa = PBXBuildFile; fileRef = A1A4145525EE8C2C00B8EBD5 /* SearchResultCell.xib */; };
		A1A4145A25EE95A300B8EBD5 /* SearchResultCell.swift in Sources */ = {isa = PBXBuildFile; fileRef = A1A4145925EE95A300B8EBD5 /* SearchResultCell.swift */; };
		A1CF696225F136D600C28321 /* LoadingCell.xib in Resources */ = {isa = PBXBuildFile; fileRef = A1CF696125F136D600C28321 /* LoadingCell.xib */; };
		A1E4524E25EEA7F7005F228E /* NothingFoundCell.xib in Resources */ = {isa = PBXBuildFile; fileRef = A1E4524D25EEA7F7005F228E /* NothingFoundCell.xib */; };
		A1F588CD25F22A14005B03C2 /* UIImageView+DownloadImage.swift in Sources */ = {isa = PBXBuildFile; fileRef = A1F588CC25F22A14005B03C2 /* UIImageView+DownloadImage.swift */; };
		A1F588D125F23180005B03C2 /* UIImage+CornerRadius.swift in Sources */ = {isa = PBXBuildFile; fileRef = A1F588D025F23180005B03C2 /* UIImage+CornerRadius.swift */; };
/* End PBXBuildFile section */

/* Begin PBXFileReference section */
		A137294D25ECE7C40086D698 /* StoreSearch.app */ = {isa = PBXFileReference; explicitFileType = wrapper.application; includeInIndex = 0; path = StoreSearch.app; sourceTree = BUILT_PRODUCTS_DIR; };
		A137295025ECE7C40086D698 /* AppDelegate.swift */ = {isa = PBXFileReference; lastKnownFileType = sourcecode.swift; path = AppDelegate.swift; sourceTree = "<group>"; };
		A137295225ECE7C40086D698 /* SceneDelegate.swift */ = {isa = PBXFileReference; lastKnownFileType = sourcecode.swift; path = SceneDelegate.swift; sourceTree = "<group>"; };
		A137295425ECE7C40086D698 /* SearchViewController.swift */ = {isa = PBXFileReference; lastKnownFileType = sourcecode.swift; path = SearchViewController.swift; sourceTree = "<group>"; };
		A137295725ECE7C40086D698 /* Base */ = {isa = PBXFileReference; lastKnownFileType = file.storyboard; name = Base; path = Base.lproj/Main.storyboard; sourceTree = "<group>"; };
		A137295925ECE7C50086D698 /* Assets.xcassets */ = {isa = PBXFileReference; lastKnownFileType = folder.assetcatalog; path = Assets.xcassets; sourceTree = "<group>"; };
		A137295E25ECE7C50086D698 /* Info.plist */ = {isa = PBXFileReference; lastKnownFileType = text.plist.xml; path = Info.plist; sourceTree = "<group>"; };
		A137296725ED06160086D698 /* SearchResult.swift */ = {isa = PBXFileReference; lastKnownFileType = sourcecode.swift; path = SearchResult.swift; sourceTree = "<group>"; };
		A1A4145525EE8C2C00B8EBD5 /* SearchResultCell.xib */ = {isa = PBXFileReference; lastKnownFileType = file.xib; path = SearchResultCell.xib; sourceTree = "<group>"; };
		A1A4145925EE95A300B8EBD5 /* SearchResultCell.swift */ = {isa = PBXFileReference; lastKnownFileType = sourcecode.swift; path = SearchResultCell.swift; sourceTree = "<group>"; };
		A1CF696125F136D600C28321 /* LoadingCell.xib */ = {isa = PBXFileReference; lastKnownFileType = file.xib; path = LoadingCell.xib; sourceTree = "<group>"; };
		A1E4524D25EEA7F7005F228E /* NothingFoundCell.xib */ = {isa = PBXFileReference; lastKnownFileType = file.xib; path = NothingFoundCell.xib; sourceTree = "<group>"; };
		A1F588CC25F22A14005B03C2 /* UIImageView+DownloadImage.swift */ = {isa = PBXFileReference; lastKnownFileType = sourcecode.swift; path = "UIImageView+DownloadImage.swift"; sourceTree = "<group>"; };
		A1F588D025F23180005B03C2 /* UIImage+CornerRadius.swift */ = {isa = PBXFileReference; lastKnownFileType = sourcecode.swift; path = "UIImage+CornerRadius.swift"; sourceTree = "<group>"; };
/* End PBXFileReference section */

/* Begin PBXFrameworksBuildPhase section */
		A137294A25ECE7C40086D698 /* Frameworks */ = {
			isa = PBXFrameworksBuildPhase;
			buildActionMask = 2147483647;
			files = (
			);
			runOnlyForDeploymentPostprocessing = 0;
		};
/* End PBXFrameworksBuildPhase section */

/* Begin PBXGroup section */
		A137294425ECE7C40086D698 = {
			isa = PBXGroup;
			children = (
				A137294F25ECE7C40086D698 /* StoreSearch */,
				A137294E25ECE7C40086D698 /* Products */,
			);
			sourceTree = "<group>";
		};
		A137294E25ECE7C40086D698 /* Products */ = {
			isa = PBXGroup;
			children = (
				A137294D25ECE7C40086D698 /* StoreSearch.app */,
			);
			name = Products;
			sourceTree = "<group>";
		};
		A137294F25ECE7C40086D698 /* StoreSearch */ = {
			isa = PBXGroup;
			children = (
				A137295025ECE7C40086D698 /* AppDelegate.swift */,
				A137295225ECE7C40086D698 /* SceneDelegate.swift */,
				A137295425ECE7C40086D698 /* SearchViewController.swift */,
				A137296725ED06160086D698 /* SearchResult.swift */,
				A1F588CC25F22A14005B03C2 /* UIImageView+DownloadImage.swift */,
				A1F588D025F23180005B03C2 /* UIImage+CornerRadius.swift */,
				A1DABDC925EF73A0003DC139 /* Cells */,
				A137295625ECE7C40086D698 /* Main.storyboard */,
				A137295925ECE7C50086D698 /* Assets.xcassets */,
				A137295E25ECE7C50086D698 /* Info.plist */,
			);
			path = StoreSearch;
			sourceTree = "<group>";
		};
		A1DABDC925EF73A0003DC139 /* Cells */ = {
			isa = PBXGroup;
			children = (
				A1A4145925EE95A300B8EBD5 /* SearchResultCell.swift */,
				A1A4145525EE8C2C00B8EBD5 /* SearchResultCell.xib */,
				A1E4524D25EEA7F7005F228E /* NothingFoundCell.xib */,
				A1CF696125F136D600C28321 /* LoadingCell.xib */,
			);
			path = Cells;
			sourceTree = "<group>";
		};
/* End PBXGroup section */

/* Begin PBXNativeTarget section */
		A137294C25ECE7C40086D698 /* StoreSearch */ = {
			isa = PBXNativeTarget;
			buildConfigurationList = A137296125ECE7C50086D698 /* Build configuration list for PBXNativeTarget "StoreSearch" */;
			buildPhases = (
				A137294925ECE7C40086D698 /* Sources */,
				A137294A25ECE7C40086D698 /* Frameworks */,
				A137294B25ECE7C40086D698 /* Resources */,
			);
			buildRules = (
			);
			dependencies = (
			);
			name = StoreSearch;
			productName = StoreSearch;
			productReference = A137294D25ECE7C40086D698 /* StoreSearch.app */;
			productType = "com.apple.product-type.application";
		};
/* End PBXNativeTarget section */

/* Begin PBXProject section */
		A137294525ECE7C40086D698 /* Project object */ = {
			isa = PBXProject;
			attributes = {
				LastSwiftUpdateCheck = 1240;
				LastUpgradeCheck = 1240;
				TargetAttributes = {
					A137294C25ECE7C40086D698 = {
						CreatedOnToolsVersion = 12.4;
					};
				};
			};
			buildConfigurationList = A137294825ECE7C40086D698 /* Build configuration list for PBXProject "StoreSearch" */;
			compatibilityVersion = "Xcode 9.3";
			developmentRegion = en;
			hasScannedForEncodings = 0;
			knownRegions = (
				en,
				Base,
			);
			mainGroup = A137294425ECE7C40086D698;
			productRefGroup = A137294E25ECE7C40086D698 /* Products */;
			projectDirPath = "";
			projectRoot = "";
			targets = (
				A137294C25ECE7C40086D698 /* StoreSearch */,
			);
		};
/* End PBXProject section */

/* Begin PBXResourcesBuildPhase section */
		A137294B25ECE7C40086D698 /* Resources */ = {
			isa = PBXResourcesBuildPhase;
			buildActionMask = 2147483647;
			files = (
				A137295A25ECE7C50086D698 /* Assets.xcassets in Resources */,
				A1CF696225F136D600C28321 /* LoadingCell.xib in Resources */,
				A1A4145625EE8C2C00B8EBD5 /* SearchResultCell.xib in Resources */,
				A1E4524E25EEA7F7005F228E /* NothingFoundCell.xib in Resources */,
				A137295825ECE7C40086D698 /* Main.storyboard in Resources */,
			);
			runOnlyForDeploymentPostprocessing = 0;
		};
/* End PBXResourcesBuildPhase section */

/* Begin PBXSourcesBuildPhase section */
		A137294925ECE7C40086D698 /* Sources */ = {
			isa = PBXSourcesBuildPhase;
			buildActionMask = 2147483647;
			files = (
				A1F588D125F23180005B03C2 /* UIImage+CornerRadius.swift in Sources */,
				A137295525ECE7C40086D698 /* SearchViewController.swift in Sources */,
				A137295125ECE7C40086D698 /* AppDelegate.swift in Sources */,
				A137296825ED06160086D698 /* SearchResult.swift in Sources */,
				A137295325ECE7C40086D698 /* SceneDelegate.swift in Sources */,
				A1A4145A25EE95A300B8EBD5 /* SearchResultCell.swift in Sources */,
				A1F588CD25F22A14005B03C2 /* UIImageView+DownloadImage.swift in Sources */,
			);
			runOnlyForDeploymentPostprocessing = 0;
		};
/* End PBXSourcesBuildPhase section */

/* Begin PBXVariantGroup section */
		A137295625ECE7C40086D698 /* Main.storyboard */ = {
			isa = PBXVariantGroup;
			children = (
				A137295725ECE7C40086D698 /* Base */,
			);
			name = Main.storyboard;
			sourceTree = "<group>";
		};
/* End PBXVariantGroup section */

/* Begin XCBuildConfiguration section */
		A137295F25ECE7C50086D698 /* Debug */ = {
			isa = XCBuildConfiguration;
			buildSettings = {
				ALWAYS_SEARCH_USER_PATHS = NO;
				CLANG_ANALYZER_NONNULL = YES;
				CLANG_ANALYZER_NUMBER_OBJECT_CONVERSION = YES_AGGRESSIVE;
				CLANG_CXX_LANGUAGE_STANDARD = "gnu++14";
				CLANG_CXX_LIBRARY = "libc++";
				CLANG_ENABLE_MODULES = YES;
				CLANG_ENABLE_OBJC_ARC = YES;
				CLANG_ENABLE_OBJC_WEAK = YES;
				CLANG_WARN_BLOCK_CAPTURE_AUTORELEASING = YES;
				CLANG_WARN_BOOL_CONVERSION = YES;
				CLANG_WARN_COMMA = YES;
				CLANG_WARN_CONSTANT_CONVERSION = YES;
				CLANG_WARN_DEPRECATED_OBJC_IMPLEMENTATIONS = YES;
				CLANG_WARN_DIRECT_OBJC_ISA_USAGE = YES_ERROR;
				CLANG_WARN_DOCUMENTATION_COMMENTS = YES;
				CLANG_WARN_EMPTY_BODY = YES;
				CLANG_WARN_ENUM_CONVERSION = YES;
				CLANG_WARN_INFINITE_RECURSION = YES;
				CLANG_WARN_INT_CONVERSION = YES;
				CLANG_WARN_NON_LITERAL_NULL_CONVERSION = YES;
				CLANG_WARN_OBJC_IMPLICIT_RETAIN_SELF = YES;
				CLANG_WARN_OBJC_LITERAL_CONVERSION = YES;
				CLANG_WARN_OBJC_ROOT_CLASS = YES_ERROR;
				CLANG_WARN_QUOTED_INCLUDE_IN_FRAMEWORK_HEADER = YES;
				CLANG_WARN_RANGE_LOOP_ANALYSIS = YES;
				CLANG_WARN_STRICT_PROTOTYPES = YES;
				CLANG_WARN_SUSPICIOUS_MOVE = YES;
				CLANG_WARN_UNGUARDED_AVAILABILITY = YES_AGGRESSIVE;
				CLANG_WARN_UNREACHABLE_CODE = YES;
				CLANG_WARN__DUPLICATE_METHOD_MATCH = YES;
				COPY_PHASE_STRIP = NO;
				DEBUG_INFORMATION_FORMAT = dwarf;
				ENABLE_STRICT_OBJC_MSGSEND = YES;
				ENABLE_TESTABILITY = YES;
				GCC_C_LANGUAGE_STANDARD = gnu11;
				GCC_DYNAMIC_NO_PIC = NO;
				GCC_NO_COMMON_BLOCKS = YES;
				GCC_OPTIMIZATION_LEVEL = 0;
				GCC_PREPROCESSOR_DEFINITIONS = (
					"DEBUG=1",
					"$(inherited)",
				);
				GCC_WARN_64_TO_32_BIT_CONVERSION = YES;
				GCC_WARN_ABOUT_RETURN_TYPE = YES_ERROR;
				GCC_WARN_UNDECLARED_SELECTOR = YES;
				GCC_WARN_UNINITIALIZED_AUTOS = YES_AGGRESSIVE;
				GCC_WARN_UNUSED_FUNCTION = YES;
				GCC_WARN_UNUSED_VARIABLE = YES;
				IPHONEOS_DEPLOYMENT_TARGET = 14.4;
				MTL_ENABLE_DEBUG_INFO = INCLUDE_SOURCE;
				MTL_FAST_MATH = YES;
				ONLY_ACTIVE_ARCH = YES;
				SDKROOT = iphoneos;
				SWIFT_ACTIVE_COMPILATION_CONDITIONS = DEBUG;
				SWIFT_OPTIMIZATION_LEVEL = "-Onone";
			};
			name = Debug;
		};
		A137296025ECE7C50086D698 /* Release */ = {
			isa = XCBuildConfiguration;
			buildSettings = {
				ALWAYS_SEARCH_USER_PATHS = NO;
				CLANG_ANALYZER_NONNULL = YES;
				CLANG_ANALYZER_NUMBER_OBJECT_CONVERSION = YES_AGGRESSIVE;
				CLANG_CXX_LANGUAGE_STANDARD = "gnu++14";
				CLANG_CXX_LIBRARY = "libc++";
				CLANG_ENABLE_MODULES = YES;
				CLANG_ENABLE_OBJC_ARC = YES;
				CLANG_ENABLE_OBJC_WEAK = YES;
				CLANG_WARN_BLOCK_CAPTURE_AUTORELEASING = YES;
				CLANG_WARN_BOOL_CONVERSION = YES;
				CLANG_WARN_COMMA = YES;
				CLANG_WARN_CONSTANT_CONVERSION = YES;
				CLANG_WARN_DEPRECATED_OBJC_IMPLEMENTATIONS = YES;
				CLANG_WARN_DIRECT_OBJC_ISA_USAGE = YES_ERROR;
				CLANG_WARN_DOCUMENTATION_COMMENTS = YES;
				CLANG_WARN_EMPTY_BODY = YES;
				CLANG_WARN_ENUM_CONVERSION = YES;
				CLANG_WARN_INFINITE_RECURSION = YES;
				CLANG_WARN_INT_CONVERSION = YES;
				CLANG_WARN_NON_LITERAL_NULL_CONVERSION = YES;
				CLANG_WARN_OBJC_IMPLICIT_RETAIN_SELF = YES;
				CLANG_WARN_OBJC_LITERAL_CONVERSION = YES;
				CLANG_WARN_OBJC_ROOT_CLASS = YES_ERROR;
				CLANG_WARN_QUOTED_INCLUDE_IN_FRAMEWORK_HEADER = YES;
				CLANG_WARN_RANGE_LOOP_ANALYSIS = YES;
				CLANG_WARN_STRICT_PROTOTYPES = YES;
				CLANG_WARN_SUSPICIOUS_MOVE = YES;
				CLANG_WARN_UNGUARDED_AVAILABILITY = YES_AGGRESSIVE;
				CLANG_WARN_UNREACHABLE_CODE = YES;
				CLANG_WARN__DUPLICATE_METHOD_MATCH = YES;
				COPY_PHASE_STRIP = NO;
				DEBUG_INFORMATION_FORMAT = "dwarf-with-dsym";
				ENABLE_NS_ASSERTIONS = NO;
				ENABLE_STRICT_OBJC_MSGSEND = YES;
				GCC_C_LANGUAGE_STANDARD = gnu11;
				GCC_NO_COMMON_BLOCKS = YES;
				GCC_WARN_64_TO_32_BIT_CONVERSION = YES;
				GCC_WARN_ABOUT_RETURN_TYPE = YES_ERROR;
				GCC_WARN_UNDECLARED_SELECTOR = YES;
				GCC_WARN_UNINITIALIZED_AUTOS = YES_AGGRESSIVE;
				GCC_WARN_UNUSED_FUNCTION = YES;
				GCC_WARN_UNUSED_VARIABLE = YES;
				IPHONEOS_DEPLOYMENT_TARGET = 14.4;
				MTL_ENABLE_DEBUG_INFO = NO;
				MTL_FAST_MATH = YES;
				SDKROOT = iphoneos;
				SWIFT_COMPILATION_MODE = wholemodule;
				SWIFT_OPTIMIZATION_LEVEL = "-O";
				VALIDATE_PRODUCT = YES;
			};
			name = Release;
		};
		A137296225ECE7C50086D698 /* Debug */ = {
			isa = XCBuildConfiguration;
			buildSettings = {
				ASSETCATALOG_COMPILER_APPICON_NAME = AppIcon;
				ASSETCATALOG_COMPILER_GLOBAL_ACCENT_COLOR_NAME = AccentColor;
				CODE_SIGN_STYLE = Automatic;
				DEVELOPMENT_TEAM = 23PHMUFYTH;
				INFOPLIST_FILE = StoreSearch/Info.plist;
				LD_RUNPATH_SEARCH_PATHS = (
					"$(inherited)",
					"@executable_path/Frameworks",
				);
				PRODUCT_BUNDLE_IDENTIFIER = com.boris.StoreSearch;
				PRODUCT_NAME = "$(TARGET_NAME)";
				SWIFT_VERSION = 5.0;
				TARGETED_DEVICE_FAMILY = "1,2";
			};
			name = Debug;
		};
		A137296325ECE7C50086D698 /* Release */ = {
			isa = XCBuildConfiguration;
			buildSettings = {
				ASSETCATALOG_COMPILER_APPICON_NAME = AppIcon;
				ASSETCATALOG_COMPILER_GLOBAL_ACCENT_COLOR_NAME = AccentColor;
				CODE_SIGN_STYLE = Automatic;
				DEVELOPMENT_TEAM = 23PHMUFYTH;
				INFOPLIST_FILE = StoreSearch/Info.plist;
				LD_RUNPATH_SEARCH_PATHS = (
					"$(inherited)",
					"@executable_path/Frameworks",
				);
				PRODUCT_BUNDLE_IDENTIFIER = com.boris.StoreSearch;
				PRODUCT_NAME = "$(TARGET_NAME)";
				SWIFT_VERSION = 5.0;
				TARGETED_DEVICE_FAMILY = "1,2";
			};
			name = Release;
		};
/* End XCBuildConfiguration section */

/* Begin XCConfigurationList section */
		A137294825ECE7C40086D698 /* Build configuration list for PBXProject "StoreSearch" */ = {
			isa = XCConfigurationList;
			buildConfigurations = (
				A137295F25ECE7C50086D698 /* Debug */,
				A137296025ECE7C50086D698 /* Release */,
			);
			defaultConfigurationIsVisible = 0;
			defaultConfigurationName = Release;
		};
		A137296125ECE7C50086D698 /* Build configuration list for PBXNativeTarget "StoreSearch" */ = {
			isa = XCConfigurationList;
			buildConfigurations = (
				A137296225ECE7C50086D698 /* Debug */,
				A137296325ECE7C50086D698 /* Release */,
			);
			defaultConfigurationIsVisible = 0;
			defaultConfigurationName = Release;
		};
/* End XCConfigurationList section */
	};
	rootObject = A137294525ECE7C40086D698 /* Project object */;
}
