// !$*UTF8*$!
{
	archiveVersion = 1;
	classes = {
	};
	objectVersion = 50;
	objects = {

/* Begin PBXBuildFile section */
		A13D003C257E58F800825EC4 /* ChecklistApp.swift in Sources */ = {isa = PBXBuildFile; fileRef = A13D003B257E58F800825EC4 /* ChecklistApp.swift */; };
		A13D003E257E58F800825EC4 /* ChecklistView.swift in Sources */ = {isa = PBXBuildFile; fileRef = A13D003D257E58F800825EC4 /* ChecklistView.swift */; };
		A13D0040257E58FA00825EC4 /* Assets.xcassets in Resources */ = {isa = PBXBuildFile; fileRef = A13D003F257E58FA00825EC4 /* Assets.xcassets */; };
		A13D0043257E58FA00825EC4 /* Preview Assets.xcassets in Resources */ = {isa = PBXBuildFile; fileRef = A13D0042257E58FA00825EC4 /* Preview Assets.xcassets */; };
		A15C72EC25820E600072068F /* EditChecklistItemView.swift in Sources */ = {isa = PBXBuildFile; fileRef = A15C72EB25820E600072068F /* EditChecklistItemView.swift */; };
		A15C72EF258219C70072068F /* NewChecklistItemView.swift in Sources */ = {isa = PBXBuildFile; fileRef = A15C72EE258219C70072068F /* NewChecklistItemView.swift */; };
		A15C72F425828F950072068F /* RowView.swift in Sources */ = {isa = PBXBuildFile; fileRef = A15C72F325828F950072068F /* RowView.swift */; };
		A15C72FA25829E430072068F /* IndexedCollection.swift in Sources */ = {isa = PBXBuildFile; fileRef = A15C72F725829E430072068F /* IndexedCollection.swift */; };
		A15C72FB25829E430072068F /* Binding.swift in Sources */ = {isa = PBXBuildFile; fileRef = A15C72F825829E430072068F /* Binding.swift */; };
		A15C72FC25829E430072068F /* ForEach.swift in Sources */ = {isa = PBXBuildFile; fileRef = A15C72F925829E430072068F /* ForEach.swift */; };
		A172F5CC257FD55F0015002F /* ChecklisItem.swift in Sources */ = {isa = PBXBuildFile; fileRef = A172F5CB257FD55F0015002F /* ChecklisItem.swift */; };
		A172F5CF257FD5CC0015002F /* Checklist.swift in Sources */ = {isa = PBXBuildFile; fileRef = A172F5CE257FD5CC0015002F /* Checklist.swift */; };
		A1EF76562584C1C2009B7D39 /* View.swift in Sources */ = {isa = PBXBuildFile; fileRef = A1EF76552584C1C1009B7D39 /* View.swift */; };
/* End PBXBuildFile section */

/* Begin PBXFileReference section */
		A13D0038257E58F800825EC4 /* Checklist.app */ = {isa = PBXFileReference; explicitFileType = wrapper.application; includeInIndex = 0; path = Checklist.app; sourceTree = BUILT_PRODUCTS_DIR; };
		A13D003B257E58F800825EC4 /* ChecklistApp.swift */ = {isa = PBXFileReference; lastKnownFileType = sourcecode.swift; path = ChecklistApp.swift; sourceTree = "<group>"; };
		A13D003D257E58F800825EC4 /* ChecklistView.swift */ = {isa = PBXFileReference; lastKnownFileType = sourcecode.swift; path = ChecklistView.swift; sourceTree = "<group>"; };
		A13D003F257E58FA00825EC4 /* Assets.xcassets */ = {isa = PBXFileReference; lastKnownFileType = folder.assetcatalog; path = Assets.xcassets; sourceTree = "<group>"; };
		A13D0042257E58FA00825EC4 /* Preview Assets.xcassets */ = {isa = PBXFileReference; lastKnownFileType = folder.assetcatalog; path = "Preview Assets.xcassets"; sourceTree = "<group>"; };
		A13D0044257E58FA00825EC4 /* Info.plist */ = {isa = PBXFileReference; lastKnownFileType = text.plist.xml; path = Info.plist; sourceTree = "<group>"; };
		A15C72EB25820E600072068F /* EditChecklistItemView.swift */ = {isa = PBXFileReference; lastKnownFileType = sourcecode.swift; path = EditChecklistItemView.swift; sourceTree = "<group>"; };
		A15C72EE258219C70072068F /* NewChecklistItemView.swift */ = {isa = PBXFileReference; lastKnownFileType = sourcecode.swift; path = NewChecklistItemView.swift; sourceTree = "<group>"; };
		A15C72F325828F950072068F /* RowView.swift */ = {isa = PBXFileReference; lastKnownFileType = sourcecode.swift; path = RowView.swift; sourceTree = "<group>"; };
		A15C72F725829E430072068F /* IndexedCollection.swift */ = {isa = PBXFileReference; fileEncoding = 4; lastKnownFileType = sourcecode.swift; path = IndexedCollection.swift; sourceTree = "<group>"; };
		A15C72F825829E430072068F /* Binding.swift */ = {isa = PBXFileReference; fileEncoding = 4; lastKnownFileType = sourcecode.swift; path = Binding.swift; sourceTree = "<group>"; };
		A15C72F925829E430072068F /* ForEach.swift */ = {isa = PBXFileReference; fileEncoding = 4; lastKnownFileType = sourcecode.swift; path = ForEach.swift; sourceTree = "<group>"; };
		A172F5CB257FD55F0015002F /* ChecklisItem.swift */ = {isa = PBXFileReference; lastKnownFileType = sourcecode.swift; path = ChecklisItem.swift; sourceTree = "<group>"; };
		A172F5CE257FD5CC0015002F /* Checklist.swift */ = {isa = PBXFileReference; lastKnownFileType = sourcecode.swift; path = Checklist.swift; sourceTree = "<group>"; };
		A1EF76552584C1C1009B7D39 /* View.swift */ = {isa = PBXFileReference; lastKnownFileType = sourcecode.swift; path = View.swift; sourceTree = "<group>"; };
/* End PBXFileReference section */

/* Begin PBXFrameworksBuildPhase section */
		A13D0035257E58F800825EC4 /* Frameworks */ = {
			isa = PBXFrameworksBuildPhase;
			buildActionMask = 2147483647;
			files = (
			);
			runOnlyForDeploymentPostprocessing = 0;
		};
/* End PBXFrameworksBuildPhase section */

/* Begin PBXGroup section */
		A13D002F257E58F800825EC4 = {
			isa = PBXGroup;
			children = (
				A13D003A257E58F800825EC4 /* Checklist */,
				A13D0039257E58F800825EC4 /* Products */,
			);
			sourceTree = "<group>";
		};
		A13D0039257E58F800825EC4 /* Products */ = {
			isa = PBXGroup;
			children = (
				A13D0038257E58F800825EC4 /* Checklist.app */,
			);
			name = Products;
			sourceTree = "<group>";
		};
		A13D003A257E58F800825EC4 /* Checklist */ = {
			isa = PBXGroup;
			children = (
				A15C72F625829E430072068F /* Extensions */,
				A13D003B257E58F800825EC4 /* ChecklistApp.swift */,
				A14766AD25834E9200566DB9 /* Views */,
				A172F5CE257FD5CC0015002F /* Checklist.swift */,
				A172F5CB257FD55F0015002F /* ChecklisItem.swift */,
				A13D003F257E58FA00825EC4 /* Assets.xcassets */,
				A13D0044257E58FA00825EC4 /* Info.plist */,
				A13D0041257E58FA00825EC4 /* Preview Content */,
			);
			path = Checklist;
			sourceTree = "<group>";
		};
		A13D0041257E58FA00825EC4 /* Preview Content */ = {
			isa = PBXGroup;
			children = (
				A13D0042257E58FA00825EC4 /* Preview Assets.xcassets */,
			);
			path = "Preview Content";
			sourceTree = "<group>";
		};
		A14766AD25834E9200566DB9 /* Views */ = {
			isa = PBXGroup;
			children = (
				A13D003D257E58F800825EC4 /* ChecklistView.swift */,
				A15C72F325828F950072068F /* RowView.swift */,
				A15C72EB25820E600072068F /* EditChecklistItemView.swift */,
				A15C72EE258219C70072068F /* NewChecklistItemView.swift */,
			);
			path = Views;
			sourceTree = "<group>";
		};
		A15C72F625829E430072068F /* Extensions */ = {
			isa = PBXGroup;
			children = (
				A15C72F725829E430072068F /* IndexedCollection.swift */,
				A15C72F825829E430072068F /* Binding.swift */,
				A15C72F925829E430072068F /* ForEach.swift */,
				A1EF76552584C1C1009B7D39 /* View.swift */,
			);
			path = Extensions;
			sourceTree = "<group>";
		};
/* End PBXGroup section */

/* Begin PBXNativeTarget section */
		A13D0037257E58F800825EC4 /* Checklist */ = {
			isa = PBXNativeTarget;
			buildConfigurationList = A13D0047257E58FA00825EC4 /* Build configuration list for PBXNativeTarget "Checklist" */;
			buildPhases = (
				A13D0034257E58F800825EC4 /* Sources */,
				A13D0035257E58F800825EC4 /* Frameworks */,
				A13D0036257E58F800825EC4 /* Resources */,
			);
			buildRules = (
			);
			dependencies = (
			);
			name = Checklist;
			productName = Checklist;
			productReference = A13D0038257E58F800825EC4 /* Checklist.app */;
			productType = "com.apple.product-type.application";
		};
/* End PBXNativeTarget section */

/* Begin PBXProject section */
		A13D0030257E58F800825EC4 /* Project object */ = {
			isa = PBXProject;
			attributes = {
				LastSwiftUpdateCheck = 1220;
				LastUpgradeCheck = 1220;
				TargetAttributes = {
					A13D0037257E58F800825EC4 = {
						CreatedOnToolsVersion = 12.2;
					};
				};
			};
			buildConfigurationList = A13D0033257E58F800825EC4 /* Build configuration list for PBXProject "Checklist" */;
			compatibilityVersion = "Xcode 9.3";
			developmentRegion = en;
			hasScannedForEncodings = 0;
			knownRegions = (
				en,
				Base,
			);
			mainGroup = A13D002F257E58F800825EC4;
			productRefGroup = A13D0039257E58F800825EC4 /* Products */;
			projectDirPath = "";
			projectRoot = "";
			targets = (
				A13D0037257E58F800825EC4 /* Checklist */,
			);
		};
/* End PBXProject section */

/* Begin PBXResourcesBuildPhase section */
		A13D0036257E58F800825EC4 /* Resources */ = {
			isa = PBXResourcesBuildPhase;
			buildActionMask = 2147483647;
			files = (
				A13D0043257E58FA00825EC4 /* Preview Assets.xcassets in Resources */,
				A13D0040257E58FA00825EC4 /* Assets.xcassets in Resources */,
			);
			runOnlyForDeploymentPostprocessing = 0;
		};
/* End PBXResourcesBuildPhase section */

/* Begin PBXSourcesBuildPhase section */
		A13D0034257E58F800825EC4 /* Sources */ = {
			isa = PBXSourcesBuildPhase;
			buildActionMask = 2147483647;
			files = (
				A172F5CF257FD5CC0015002F /* Checklist.swift in Sources */,
				A15C72EF258219C70072068F /* NewChecklistItemView.swift in Sources */,
				A15C72F425828F950072068F /* RowView.swift in Sources */,
				A172F5CC257FD55F0015002F /* ChecklisItem.swift in Sources */,
				A15C72FB25829E430072068F /* Binding.swift in Sources */,
				A13D003E257E58F800825EC4 /* ChecklistView.swift in Sources */,
				A13D003C257E58F800825EC4 /* ChecklistApp.swift in Sources */,
				A15C72EC25820E600072068F /* EditChecklistItemView.swift in Sources */,
				A15C72FC25829E430072068F /* ForEach.swift in Sources */,
				A1EF76562584C1C2009B7D39 /* View.swift in Sources */,
				A15C72FA25829E430072068F /* IndexedCollection.swift in Sources */,
			);
			runOnlyForDeploymentPostprocessing = 0;
		};
/* End PBXSourcesBuildPhase section */

/* Begin XCBuildConfiguration section */
		A13D0045257E58FA00825EC4 /* Debug */ = {
			isa = XCBuildConfiguration;
			buildSettings = {
				ALWAYS_SEARCH_USER_PATHS = NO;
				CLANG_ANALYZER_NONNULL = YES;
				CLANG_ANALYZER_NUMBER_OBJECT_CONVERSION = YES_AGGRESSIVE;
				CLANG_CXX_LANGUAGE_STANDARD = "gnu++14";
				CLANG_CXX_LIBRARY = "libc++";
				CLANG_ENABLE_MODULES = YES;
				CLANG_ENABLE_OBJC_ARC = YES;
				CLANG_ENABLE_OBJC_WEAK = YES;
				CLANG_WARN_BLOCK_CAPTURE_AUTORELEASING = YES;
				CLANG_WARN_BOOL_CONVERSION = YES;
				CLANG_WARN_COMMA = YES;
				CLANG_WARN_CONSTANT_CONVERSION = YES;
				CLANG_WARN_DEPRECATED_OBJC_IMPLEMENTATIONS = YES;
				CLANG_WARN_DIRECT_OBJC_ISA_USAGE = YES_ERROR;
				CLANG_WARN_DOCUMENTATION_COMMENTS = YES;
				CLANG_WARN_EMPTY_BODY = YES;
				CLANG_WARN_ENUM_CONVERSION = YES;
				CLANG_WARN_INFINITE_RECURSION = YES;
				CLANG_WARN_INT_CONVERSION = YES;
				CLANG_WARN_NON_LITERAL_NULL_CONVERSION = YES;
				CLANG_WARN_OBJC_IMPLICIT_RETAIN_SELF = YES;
				CLANG_WARN_OBJC_LITERAL_CONVERSION = YES;
				CLANG_WARN_OBJC_ROOT_CLASS = YES_ERROR;
				CLANG_WARN_QUOTED_INCLUDE_IN_FRAMEWORK_HEADER = YES;
				CLANG_WARN_RANGE_LOOP_ANALYSIS = YES;
				CLANG_WARN_STRICT_PROTOTYPES = YES;
				CLANG_WARN_SUSPICIOUS_MOVE = YES;
				CLANG_WARN_UNGUARDED_AVAILABILITY = YES_AGGRESSIVE;
				CLANG_WARN_UNREACHABLE_CODE = YES;
				CLANG_WARN__DUPLICATE_METHOD_MATCH = YES;
				COPY_PHASE_STRIP = NO;
				DEBUG_INFORMATION_FORMAT = dwarf;
				ENABLE_STRICT_OBJC_MSGSEND = YES;
				ENABLE_TESTABILITY = YES;
				GCC_C_LANGUAGE_STANDARD = gnu11;
				GCC_DYNAMIC_NO_PIC = NO;
				GCC_NO_COMMON_BLOCKS = YES;
				GCC_OPTIMIZATION_LEVEL = 0;
				GCC_PREPROCESSOR_DEFINITIONS = (
					"DEBUG=1",
					"$(inherited)",
				);
				GCC_WARN_64_TO_32_BIT_CONVERSION = YES;
				GCC_WARN_ABOUT_RETURN_TYPE = YES_ERROR;
				GCC_WARN_UNDECLARED_SELECTOR = YES;
				GCC_WARN_UNINITIALIZED_AUTOS = YES_AGGRESSIVE;
				GCC_WARN_UNUSED_FUNCTION = YES;
				GCC_WARN_UNUSED_VARIABLE = YES;
				IPHONEOS_DEPLOYMENT_TARGET = 14.2;
				MTL_ENABLE_DEBUG_INFO = INCLUDE_SOURCE;
				MTL_FAST_MATH = YES;
				ONLY_ACTIVE_ARCH = YES;
				SDKROOT = iphoneos;
				SWIFT_ACTIVE_COMPILATION_CONDITIONS = DEBUG;
				SWIFT_OPTIMIZATION_LEVEL = "-Onone";
			};
			name = Debug;
		};
		A13D0046257E58FA00825EC4 /* Release */ = {
			isa = XCBuildConfiguration;
			buildSettings = {
				ALWAYS_SEARCH_USER_PATHS = NO;
				CLANG_ANALYZER_NONNULL = YES;
				CLANG_ANALYZER_NUMBER_OBJECT_CONVERSION = YES_AGGRESSIVE;
				CLANG_CXX_LANGUAGE_STANDARD = "gnu++14";
				CLANG_CXX_LIBRARY = "libc++";
				CLANG_ENABLE_MODULES = YES;
				CLANG_ENABLE_OBJC_ARC = YES;
				CLANG_ENABLE_OBJC_WEAK = YES;
				CLANG_WARN_BLOCK_CAPTURE_AUTORELEASING = YES;
				CLANG_WARN_BOOL_CONVERSION = YES;
				CLANG_WARN_COMMA = YES;
				CLANG_WARN_CONSTANT_CONVERSION = YES;
				CLANG_WARN_DEPRECATED_OBJC_IMPLEMENTATIONS = YES;
				CLANG_WARN_DIRECT_OBJC_ISA_USAGE = YES_ERROR;
				CLANG_WARN_DOCUMENTATION_COMMENTS = YES;
				CLANG_WARN_EMPTY_BODY = YES;
				CLANG_WARN_ENUM_CONVERSION = YES;
				CLANG_WARN_INFINITE_RECURSION = YES;
				CLANG_WARN_INT_CONVERSION = YES;
				CLANG_WARN_NON_LITERAL_NULL_CONVERSION = YES;
				CLANG_WARN_OBJC_IMPLICIT_RETAIN_SELF = YES;
				CLANG_WARN_OBJC_LITERAL_CONVERSION = YES;
				CLANG_WARN_OBJC_ROOT_CLASS = YES_ERROR;
				CLANG_WARN_QUOTED_INCLUDE_IN_FRAMEWORK_HEADER = YES;
				CLANG_WARN_RANGE_LOOP_ANALYSIS = YES;
				CLANG_WARN_STRICT_PROTOTYPES = YES;
				CLANG_WARN_SUSPICIOUS_MOVE = YES;
				CLANG_WARN_UNGUARDED_AVAILABILITY = YES_AGGRESSIVE;
				CLANG_WARN_UNREACHABLE_CODE = YES;
				CLANG_WARN__DUPLICATE_METHOD_MATCH = YES;
				COPY_PHASE_STRIP = NO;
				DEBUG_INFORMATION_FORMAT = "dwarf-with-dsym";
				ENABLE_NS_ASSERTIONS = NO;
				ENABLE_STRICT_OBJC_MSGSEND = YES;
				GCC_C_LANGUAGE_STANDARD = gnu11;
				GCC_NO_COMMON_BLOCKS = YES;
				GCC_WARN_64_TO_32_BIT_CONVERSION = YES;
				GCC_WARN_ABOUT_RETURN_TYPE = YES_ERROR;
				GCC_WARN_UNDECLARED_SELECTOR = YES;
				GCC_WARN_UNINITIALIZED_AUTOS = YES_AGGRESSIVE;
				GCC_WARN_UNUSED_FUNCTION = YES;
				GCC_WARN_UNUSED_VARIABLE = YES;
				IPHONEOS_DEPLOYMENT_TARGET = 14.2;
				MTL_ENABLE_DEBUG_INFO = NO;
				MTL_FAST_MATH = YES;
				SDKROOT = iphoneos;
				SWIFT_COMPILATION_MODE = wholemodule;
				SWIFT_OPTIMIZATION_LEVEL = "-O";
				VALIDATE_PRODUCT = YES;
			};
			name = Release;
		};
		A13D0048257E58FA00825EC4 /* Debug */ = {
			isa = XCBuildConfiguration;
			buildSettings = {
				ASSETCATALOG_COMPILER_APPICON_NAME = AppIcon;
				ASSETCATALOG_COMPILER_GLOBAL_ACCENT_COLOR_NAME = AccentColor;
				CODE_SIGN_STYLE = Automatic;
				DEVELOPMENT_ASSET_PATHS = "\"Checklist/Preview Content\"";
				DEVELOPMENT_TEAM = 23PHMUFYTH;
				ENABLE_PREVIEWS = YES;
				INFOPLIST_FILE = Checklist/Info.plist;
				IPHONEOS_DEPLOYMENT_TARGET = 14.0;
				LD_RUNPATH_SEARCH_PATHS = (
					"$(inherited)",
					"@executable_path/Frameworks",
				);
				PRODUCT_BUNDLE_IDENTIFIER = com.boris.Checklist;
				PRODUCT_NAME = "$(TARGET_NAME)";
				SWIFT_VERSION = 5.0;
				TARGETED_DEVICE_FAMILY = "1,2";
			};
			name = Debug;
		};
		A13D0049257E58FA00825EC4 /* Release */ = {
			isa = XCBuildConfiguration;
			buildSettings = {
				ASSETCATALOG_COMPILER_APPICON_NAME = AppIcon;
				ASSETCATALOG_COMPILER_GLOBAL_ACCENT_COLOR_NAME = AccentColor;
				CODE_SIGN_STYLE = Automatic;
				DEVELOPMENT_ASSET_PATHS = "\"Checklist/Preview Content\"";
				DEVELOPMENT_TEAM = 23PHMUFYTH;
				ENABLE_PREVIEWS = YES;
				INFOPLIST_FILE = Checklist/Info.plist;
				IPHONEOS_DEPLOYMENT_TARGET = 14.0;
				LD_RUNPATH_SEARCH_PATHS = (
					"$(inherited)",
					"@executable_path/Frameworks",
				);
				PRODUCT_BUNDLE_IDENTIFIER = com.boris.Checklist;
				PRODUCT_NAME = "$(TARGET_NAME)";
				SWIFT_VERSION = 5.0;
				TARGETED_DEVICE_FAMILY = "1,2";
			};
			name = Release;
		};
/* End XCBuildConfiguration section */

/* Begin XCConfigurationList section */
		A13D0033257E58F800825EC4 /* Build configuration list for PBXProject "Checklist" */ = {
			isa = XCConfigurationList;
			buildConfigurations = (
				A13D0045257E58FA00825EC4 /* Debug */,
				A13D0046257E58FA00825EC4 /* Release */,
			);
			defaultConfigurationIsVisible = 0;
			defaultConfigurationName = Release;
		};
		A13D0047257E58FA00825EC4 /* Build configuration list for PBXNativeTarget "Checklist" */ = {
			isa = XCConfigurationList;
			buildConfigurations = (
				A13D0048257E58FA00825EC4 /* Debug */,
				A13D0049257E58FA00825EC4 /* Release */,
			);
			defaultConfigurationIsVisible = 0;
			defaultConfigurationName = Release;
		};
/* End XCConfigurationList section */
	};
	rootObject = A13D0030257E58F800825EC4 /* Project object */;
}
